
Microsoft Visual Studio Solution File, Format Version 12.00
# Visual Studio Version 16
VisualStudioVersion = 16.0.31129.286
MinimumVisualStudioVersion = 10.0.40219.1
Project("{F184B08F-C81C-45F6-A57F-5ABD9991F28F}") = "Dados", "Dados.vbproj", "{558962A4-0F7C-4E08-BD76-AB7878708FD4}"
EndProject
Global
	GlobalSection(SolutionConfigurationPlatforms) = preSolution
		Debug|Any CPU = Debug|Any CPU
		Release|Any CPU = Release|Any CPU
	EndGlobalSection
	GlobalSection(ProjectConfigurationPlatforms) = postSolution
		{558962A4-0F7C-4E08-BD76-AB7878708FD4}.Debug|Any CPU.ActiveCfg = Debug|Any CPU
		{558962A4-0F7C-4E08-BD76-AB7878708FD4}.Debug|Any CPU.Build.0 = Debug|Any CPU
		{558962A4-0F7C-4E08-BD76-AB7878708FD4}.Release|Any CPU.ActiveCfg = Release|Any CPU
		{558962A4-0F7C-4E08-BD76-AB7878708FD4}.Release|Any CPU.Build.0 = Release|Any CPU
	EndGlobalSection
	GlobalSection(SolutionProperties) = preSolution
		HideSolutionNode = FALSE
	EndGlobalSection
	GlobalSection(ExtensibilityGlobals) = postSolution
		SolutionGuid = {6078589E-AE59-49E9-AFD2-711A91BA7F9F}
	EndGlobalSection
EndGlobal
